// !$*UTF8*$!
{
	archiveVersion = 1;
	classes = {
	};
	objectVersion = 56;
	objects = {

/* Begin PBXBuildFile section */
		6CDE182D2B81384B007D8076 /* PureandSoftWaterIpadApp.swift in Sources */ = {isa = PBXBuildFile; fileRef = 6CDE182C2B81384B007D8076 /* PureandSoftWaterIpadApp.swift */; };
		6CDE182F2B81384B007D8076 /* ContentView.swift in Sources */ = {isa = PBXBuildFile; fileRef = 6CDE182E2B81384B007D8076 /* ContentView.swift */; };
		6CDE18312B81384C007D8076 /* Assets.xcassets in Resources */ = {isa = PBXBuildFile; fileRef = 6CDE18302B81384C007D8076 /* Assets.xcassets */; };
		6CDE18342B81384C007D8076 /* Preview Assets.xcassets in Resources */ = {isa = PBXBuildFile; fileRef = 6CDE18332B81384C007D8076 /* Preview Assets.xcassets */; };
		6CDE183E2B81384C007D8076 /* PureandSoftWaterIpadTests.swift in Sources */ = {isa = PBXBuildFile; fileRef = 6CDE183D2B81384C007D8076 /* PureandSoftWaterIpadTests.swift */; };
		6CDE18482B81384C007D8076 /* PureandSoftWaterIpadUITests.swift in Sources */ = {isa = PBXBuildFile; fileRef = 6CDE18472B81384C007D8076 /* PureandSoftWaterIpadUITests.swift */; };
		6CDE184A2B81384C007D8076 /* PureandSoftWaterIpadUITestsLaunchTests.swift in Sources */ = {isa = PBXBuildFile; fileRef = 6CDE18492B81384C007D8076 /* PureandSoftWaterIpadUITestsLaunchTests.swift */; };
/* End PBXBuildFile section */

/* Begin PBXContainerItemProxy section */
		6CDE183A2B81384C007D8076 /* PBXContainerItemProxy */ = {
			isa = PBXContainerItemProxy;
			containerPortal = 6CDE18212B81384A007D8076 /* Project object */;
			proxyType = 1;
			remoteGlobalIDString = 6CDE18282B81384B007D8076;
			remoteInfo = PureandSoftWaterIpad;
		};
		6CDE18442B81384C007D8076 /* PBXContainerItemProxy */ = {
			isa = PBXContainerItemProxy;
			containerPortal = 6CDE18212B81384A007D8076 /* Project object */;
			proxyType = 1;
			remoteGlobalIDString = 6CDE18282B81384B007D8076;
			remoteInfo = PureandSoftWaterIpad;
		};
/* End PBXContainerItemProxy section */

/* Begin PBXFileReference section */
		6CDE18292B81384B007D8076 /* PureandSoftWaterIpad.app */ = {isa = PBXFileReference; explicitFileType = wrapper.application; includeInIndex = 0; path = PureandSoftWaterIpad.app; sourceTree = BUILT_PRODUCTS_DIR; };
		6CDE182C2B81384B007D8076 /* PureandSoftWaterIpadApp.swift */ = {isa = PBXFileReference; lastKnownFileType = sourcecode.swift; path = PureandSoftWaterIpadApp.swift; sourceTree = "<group>"; };
		6CDE182E2B81384B007D8076 /* ContentView.swift */ = {isa = PBXFileReference; lastKnownFileType = sourcecode.swift; path = ContentView.swift; sourceTree = "<group>"; };
		6CDE18302B81384C007D8076 /* Assets.xcassets */ = {isa = PBXFileReference; lastKnownFileType = folder.assetcatalog; path = Assets.xcassets; sourceTree = "<group>"; };
		6CDE18332B81384C007D8076 /* Preview Assets.xcassets */ = {isa = PBXFileReference; lastKnownFileType = folder.assetcatalog; path = "Preview Assets.xcassets"; sourceTree = "<group>"; };
		6CDE18392B81384C007D8076 /* PureandSoftWaterIpadTests.xctest */ = {isa = PBXFileReference; explicitFileType = wrapper.cfbundle; includeInIndex = 0; path = PureandSoftWaterIpadTests.xctest; sourceTree = BUILT_PRODUCTS_DIR; };
		6CDE183D2B81384C007D8076 /* PureandSoftWaterIpadTests.swift */ = {isa = PBXFileReference; lastKnownFileType = sourcecode.swift; path = PureandSoftWaterIpadTests.swift; sourceTree = "<group>"; };
		6CDE18432B81384C007D8076 /* PureandSoftWaterIpadUITests.xctest */ = {isa = PBXFileReference; explicitFileType = wrapper.cfbundle; includeInIndex = 0; path = PureandSoftWaterIpadUITests.xctest; sourceTree = BUILT_PRODUCTS_DIR; };
		6CDE18472B81384C007D8076 /* PureandSoftWaterIpadUITests.swift */ = {isa = PBXFileReference; lastKnownFileType = sourcecode.swift; path = PureandSoftWaterIpadUITests.swift; sourceTree = "<group>"; };
		6CDE18492B81384C007D8076 /* PureandSoftWaterIpadUITestsLaunchTests.swift */ = {isa = PBXFileReference; lastKnownFileType = sourcecode.swift; path = PureandSoftWaterIpadUITestsLaunchTests.swift; sourceTree = "<group>"; };
/* End PBXFileReference section */

/* Begin PBXFrameworksBuildPhase section */
		6CDE18262B81384B007D8076 /* Frameworks */ = {
			isa = PBXFrameworksBuildPhase;
			buildActionMask = 2147483647;
			files = (
			);
			runOnlyForDeploymentPostprocessing = 0;
		};
		6CDE18362B81384C007D8076 /* Frameworks */ = {
			isa = PBXFrameworksBuildPhase;
			buildActionMask = 2147483647;
			files = (
			);
			runOnlyForDeploymentPostprocessing = 0;
		};
		6CDE18402B81384C007D8076 /* Frameworks */ = {
			isa = PBXFrameworksBuildPhase;
			buildActionMask = 2147483647;
			files = (
			);
			runOnlyForDeploymentPostprocessing = 0;
		};
/* End PBXFrameworksBuildPhase section */

/* Begin PBXGroup section */
		6CDE18202B81384A007D8076 = {
			isa = PBXGroup;
			children = (
				6CDE182B2B81384B007D8076 /* PureandSoftWaterIpad */,
				6CDE183C2B81384C007D8076 /* PureandSoftWaterIpadTests */,
				6CDE18462B81384C007D8076 /* PureandSoftWaterIpadUITests */,
				6CDE182A2B81384B007D8076 /* Products */,
			);
			sourceTree = "<group>";
		};
		6CDE182A2B81384B007D8076 /* Products */ = {
			isa = PBXGroup;
			children = (
				6CDE18292B81384B007D8076 /* PureandSoftWaterIpad.app */,
				6CDE18392B81384C007D8076 /* PureandSoftWaterIpadTests.xctest */,
				6CDE18432B81384C007D8076 /* PureandSoftWaterIpadUITests.xctest */,
			);
			name = Products;
			sourceTree = "<group>";
		};
		6CDE182B2B81384B007D8076 /* PureandSoftWaterIpad */ = {
			isa = PBXGroup;
			children = (
				6CDE182C2B81384B007D8076 /* PureandSoftWaterIpadApp.swift */,
				6CDE182E2B81384B007D8076 /* ContentView.swift */,
				6CDE18302B81384C007D8076 /* Assets.xcassets */,
				6CDE18322B81384C007D8076 /* Preview Content */,
			);
			path = PureandSoftWaterIpad;
			sourceTree = "<group>";
		};
		6CDE18322B81384C007D8076 /* Preview Content */ = {
			isa = PBXGroup;
			children = (
				6CDE18332B81384C007D8076 /* Preview Assets.xcassets */,
			);
			path = "Preview Content";
			sourceTree = "<group>";
		};
		6CDE183C2B81384C007D8076 /* PureandSoftWaterIpadTests */ = {
			isa = PBXGroup;
			children = (
				6CDE183D2B81384C007D8076 /* PureandSoftWaterIpadTests.swift */,
			);
			path = PureandSoftWaterIpadTests;
			sourceTree = "<group>";
		};
		6CDE18462B81384C007D8076 /* PureandSoftWaterIpadUITests */ = {
			isa = PBXGroup;
			children = (
				6CDE18472B81384C007D8076 /* PureandSoftWaterIpadUITests.swift */,
				6CDE18492B81384C007D8076 /* PureandSoftWaterIpadUITestsLaunchTests.swift */,
			);
			path = PureandSoftWaterIpadUITests;
			sourceTree = "<group>";
		};
/* End PBXGroup section */

/* Begin PBXNativeTarget section */
		6CDE18282B81384B007D8076 /* PureandSoftWaterIpad */ = {
			isa = PBXNativeTarget;
			buildConfigurationList = 6CDE184D2B81384C007D8076 /* Build configuration list for PBXNativeTarget "PureandSoftWaterIpad" */;
			buildPhases = (
				6CDE18252B81384B007D8076 /* Sources */,
				6CDE18262B81384B007D8076 /* Frameworks */,
				6CDE18272B81384B007D8076 /* Resources */,
			);
			buildRules = (
			);
			dependencies = (
			);
			name = PureandSoftWaterIpad;
			productName = PureandSoftWaterIpad;
			productReference = 6CDE18292B81384B007D8076 /* PureandSoftWaterIpad.app */;
			productType = "com.apple.product-type.application";
		};
		6CDE18382B81384C007D8076 /* PureandSoftWaterIpadTests */ = {
			isa = PBXNativeTarget;
			buildConfigurationList = 6CDE18502B81384C007D8076 /* Build configuration list for PBXNativeTarget "PureandSoftWaterIpadTests" */;
			buildPhases = (
				6CDE18352B81384C007D8076 /* Sources */,
				6CDE18362B81384C007D8076 /* Frameworks */,
				6CDE18372B81384C007D8076 /* Resources */,
			);
			buildRules = (
			);
			dependencies = (
				6CDE183B2B81384C007D8076 /* PBXTargetDependency */,
			);
			name = PureandSoftWaterIpadTests;
			productName = PureandSoftWaterIpadTests;
			productReference = 6CDE18392B81384C007D8076 /* PureandSoftWaterIpadTests.xctest */;
			productType = "com.apple.product-type.bundle.unit-test";
		};
		6CDE18422B81384C007D8076 /* PureandSoftWaterIpadUITests */ = {
			isa = PBXNativeTarget;
			buildConfigurationList = 6CDE18532B81384C007D8076 /* Build configuration list for PBXNativeTarget "PureandSoftWaterIpadUITests" */;
			buildPhases = (
				6CDE183F2B81384C007D8076 /* Sources */,
				6CDE18402B81384C007D8076 /* Frameworks */,
				6CDE18412B81384C007D8076 /* Resources */,
			);
			buildRules = (
			);
			dependencies = (
				6CDE18452B81384C007D8076 /* PBXTargetDependency */,
			);
			name = PureandSoftWaterIpadUITests;
			productName = PureandSoftWaterIpadUITests;
			productReference = 6CDE18432B81384C007D8076 /* PureandSoftWaterIpadUITests.xctest */;
			productType = "com.apple.product-type.bundle.ui-testing";
		};
/* End PBXNativeTarget section */

/* Begin PBXProject section */
		6CDE18212B81384A007D8076 /* Project object */ = {
			isa = PBXProject;
			attributes = {
				BuildIndependentTargetsInParallel = 1;
				LastSwiftUpdateCheck = 1520;
				LastUpgradeCheck = 1520;
				TargetAttributes = {
					6CDE18282B81384B007D8076 = {
						CreatedOnToolsVersion = 15.2;
					};
					6CDE18382B81384C007D8076 = {
						CreatedOnToolsVersion = 15.2;
						TestTargetID = 6CDE18282B81384B007D8076;
					};
					6CDE18422B81384C007D8076 = {
						CreatedOnToolsVersion = 15.2;
						TestTargetID = 6CDE18282B81384B007D8076;
					};
				};
			};
			buildConfigurationList = 6CDE18242B81384A007D8076 /* Build configuration list for PBXProject "PureandSoftWaterIpad" */;
			compatibilityVersion = "Xcode 14.0";
			developmentRegion = en;
			hasScannedForEncodings = 0;
			knownRegions = (
				en,
				Base,
			);
			mainGroup = 6CDE18202B81384A007D8076;
			productRefGroup = 6CDE182A2B81384B007D8076 /* Products */;
			projectDirPath = "";
			projectRoot = "";
			targets = (
				6CDE18282B81384B007D8076 /* PureandSoftWaterIpad */,
				6CDE18382B81384C007D8076 /* PureandSoftWaterIpadTests */,
				6CDE18422B81384C007D8076 /* PureandSoftWaterIpadUITests */,
			);
		};
/* End PBXProject section */

/* Begin PBXResourcesBuildPhase section */
		6CDE18272B81384B007D8076 /* Resources */ = {
			isa = PBXResourcesBuildPhase;
			buildActionMask = 2147483647;
			files = (
				6CDE18342B81384C007D8076 /* Preview Assets.xcassets in Resources */,
				6CDE18312B81384C007D8076 /* Assets.xcassets in Resources */,
			);
			runOnlyForDeploymentPostprocessing = 0;
		};
		6CDE18372B81384C007D8076 /* Resources */ = {
			isa = PBXResourcesBuildPhase;
			buildActionMask = 2147483647;
			files = (
			);
			runOnlyForDeploymentPostprocessing = 0;
		};
		6CDE18412B81384C007D8076 /* Resources */ = {
			isa = PBXResourcesBuildPhase;
			buildActionMask = 2147483647;
			files = (
			);
			runOnlyForDeploymentPostprocessing = 0;
		};
/* End PBXResourcesBuildPhase section */

/* Begin PBXSourcesBuildPhase section */
		6CDE18252B81384B007D8076 /* Sources */ = {
			isa = PBXSourcesBuildPhase;
			buildActionMask = 2147483647;
			files = (
				6CDE182F2B81384B007D8076 /* ContentView.swift in Sources */,
				6CDE182D2B81384B007D8076 /* PureandSoftWaterIpadApp.swift in Sources */,
			);
			runOnlyForDeploymentPostprocessing = 0;
		};
		6CDE18352B81384C007D8076 /* Sources */ = {
			isa = PBXSourcesBuildPhase;
			buildActionMask = 2147483647;
			files = (
				6CDE183E2B81384C007D8076 /* PureandSoftWaterIpadTests.swift in Sources */,
			);
			runOnlyForDeploymentPostprocessing = 0;
		};
		6CDE183F2B81384C007D8076 /* Sources */ = {
			isa = PBXSourcesBuildPhase;
			buildActionMask = 2147483647;
			files = (
				6CDE184A2B81384C007D8076 /* PureandSoftWaterIpadUITestsLaunchTests.swift in Sources */,
				6CDE18482B81384C007D8076 /* PureandSoftWaterIpadUITests.swift in Sources */,
			);
			runOnlyForDeploymentPostprocessing = 0;
		};
/* End PBXSourcesBuildPhase section */

/* Begin PBXTargetDependency section */
		6CDE183B2B81384C007D8076 /* PBXTargetDependency */ = {
			isa = PBXTargetDependency;
			target = 6CDE18282B81384B007D8076 /* PureandSoftWaterIpad */;
			targetProxy = 6CDE183A2B81384C007D8076 /* PBXContainerItemProxy */;
		};
		6CDE18452B81384C007D8076 /* PBXTargetDependency */ = {
			isa = PBXTargetDependency;
			target = 6CDE18282B81384B007D8076 /* PureandSoftWaterIpad */;
			targetProxy = 6CDE18442B81384C007D8076 /* PBXContainerItemProxy */;
		};
/* End PBXTargetDependency section */

/* Begin XCBuildConfiguration section */
		6CDE184B2B81384C007D8076 /* Debug */ = {
			isa = XCBuildConfiguration;
			buildSettings = {
				ALWAYS_SEARCH_USER_PATHS = NO;
				ASSETCATALOG_COMPILER_GENERATE_SWIFT_ASSET_SYMBOL_EXTENSIONS = YES;
				CLANG_ANALYZER_NONNULL = YES;
				CLANG_ANALYZER_NUMBER_OBJECT_CONVERSION = YES_AGGRESSIVE;
				CLANG_CXX_LANGUAGE_STANDARD = "gnu++20";
				CLANG_ENABLE_MODULES = YES;
				CLANG_ENABLE_OBJC_ARC = YES;
				CLANG_ENABLE_OBJC_WEAK = YES;
				CLANG_WARN_BLOCK_CAPTURE_AUTORELEASING = YES;
				CLANG_WARN_BOOL_CONVERSION = YES;
				CLANG_WARN_COMMA = YES;
				CLANG_WARN_CONSTANT_CONVERSION = YES;
				CLANG_WARN_DEPRECATED_OBJC_IMPLEMENTATIONS = YES;
				CLANG_WARN_DIRECT_OBJC_ISA_USAGE = YES_ERROR;
				CLANG_WARN_DOCUMENTATION_COMMENTS = YES;
				CLANG_WARN_EMPTY_BODY = YES;
				CLANG_WARN_ENUM_CONVERSION = YES;
				CLANG_WARN_INFINITE_RECURSION = YES;
				CLANG_WARN_INT_CONVERSION = YES;
				CLANG_WARN_NON_LITERAL_NULL_CONVERSION = YES;
				CLANG_WARN_OBJC_IMPLICIT_RETAIN_SELF = YES;
				CLANG_WARN_OBJC_LITERAL_CONVERSION = YES;
				CLANG_WARN_OBJC_ROOT_CLASS = YES_ERROR;
				CLANG_WARN_QUOTED_INCLUDE_IN_FRAMEWORK_HEADER = YES;
				CLANG_WARN_RANGE_LOOP_ANALYSIS = YES;
				CLANG_WARN_STRICT_PROTOTYPES = YES;
				CLANG_WARN_SUSPICIOUS_MOVE = YES;
				CLANG_WARN_UNGUARDED_AVAILABILITY = YES_AGGRESSIVE;
				CLANG_WARN_UNREACHABLE_CODE = YES;
				CLANG_WARN__DUPLICATE_METHOD_MATCH = YES;
				COPY_PHASE_STRIP = NO;
				DEBUG_INFORMATION_FORMAT = dwarf;
				ENABLE_STRICT_OBJC_MSGSEND = YES;
				ENABLE_TESTABILITY = YES;
				ENABLE_USER_SCRIPT_SANDBOXING = YES;
				GCC_C_LANGUAGE_STANDARD = gnu17;
				GCC_DYNAMIC_NO_PIC = NO;
				GCC_NO_COMMON_BLOCKS = YES;
				GCC_OPTIMIZATION_LEVEL = 0;
				GCC_PREPROCESSOR_DEFINITIONS = (
					"DEBUG=1",
					"$(inherited)",
				);
				GCC_WARN_64_TO_32_BIT_CONVERSION = YES;
				GCC_WARN_ABOUT_RETURN_TYPE = YES_ERROR;
				GCC_WARN_UNDECLARED_SELECTOR = YES;
				GCC_WARN_UNINITIALIZED_AUTOS = YES_AGGRESSIVE;
				GCC_WARN_UNUSED_FUNCTION = YES;
				GCC_WARN_UNUSED_VARIABLE = YES;
				IPHONEOS_DEPLOYMENT_TARGET = 17.2;
				LOCALIZATION_PREFERS_STRING_CATALOGS = YES;
				MTL_ENABLE_DEBUG_INFO = INCLUDE_SOURCE;
				MTL_FAST_MATH = YES;
				ONLY_ACTIVE_ARCH = YES;
				SDKROOT = iphoneos;
				SWIFT_ACTIVE_COMPILATION_CONDITIONS = "DEBUG $(inherited)";
				SWIFT_OPTIMIZATION_LEVEL = "-Onone";
			};
			name = Debug;
		};
		6CDE184C2B81384C007D8076 /* Release */ = {
			isa = XCBuildConfiguration;
			buildSettings = {
				ALWAYS_SEARCH_USER_PATHS = NO;
				ASSETCATALOG_COMPILER_GENERATE_SWIFT_ASSET_SYMBOL_EXTENSIONS = YES;
				CLANG_ANALYZER_NONNULL = YES;
				CLANG_ANALYZER_NUMBER_OBJECT_CONVERSION = YES_AGGRESSIVE;
				CLANG_CXX_LANGUAGE_STANDARD = "gnu++20";
				CLANG_ENABLE_MODULES = YES;
				CLANG_ENABLE_OBJC_ARC = YES;
				CLANG_ENABLE_OBJC_WEAK = YES;
				CLANG_WARN_BLOCK_CAPTURE_AUTORELEASING = YES;
				CLANG_WARN_BOOL_CONVERSION = YES;
				CLANG_WARN_COMMA = YES;
				CLANG_WARN_CONSTANT_CONVERSION = YES;
				CLANG_WARN_DEPRECATED_OBJC_IMPLEMENTATIONS = YES;
				CLANG_WARN_DIRECT_OBJC_ISA_USAGE = YES_ERROR;
				CLANG_WARN_DOCUMENTATION_COMMENTS = YES;
				CLANG_WARN_EMPTY_BODY = YES;
				CLANG_WARN_ENUM_CONVERSION = YES;
				CLANG_WARN_INFINITE_RECURSION = YES;
				CLANG_WARN_INT_CONVERSION = YES;
				CLANG_WARN_NON_LITERAL_NULL_CONVERSION = YES;
				CLANG_WARN_OBJC_IMPLICIT_RETAIN_SELF = YES;
				CLANG_WARN_OBJC_LITERAL_CONVERSION = YES;
				CLANG_WARN_OBJC_ROOT_CLASS = YES_ERROR;
				CLANG_WARN_QUOTED_INCLUDE_IN_FRAMEWORK_HEADER = YES;
				CLANG_WARN_RANGE_LOOP_ANALYSIS = YES;
				CLANG_WARN_STRICT_PROTOTYPES = YES;
				CLANG_WARN_SUSPICIOUS_MOVE = YES;
				CLANG_WARN_UNGUARDED_AVAILABILITY = YES_AGGRESSIVE;
				CLANG_WARN_UNREACHABLE_CODE = YES;
				CLANG_WARN__DUPLICATE_METHOD_MATCH = YES;
				COPY_PHASE_STRIP = NO;
				DEBUG_INFORMATION_FORMAT = "dwarf-with-dsym";
				ENABLE_NS_ASSERTIONS = NO;
				ENABLE_STRICT_OBJC_MSGSEND = YES;
				ENABLE_USER_SCRIPT_SANDBOXING = YES;
				GCC_C_LANGUAGE_STANDARD = gnu17;
				GCC_NO_COMMON_BLOCKS = YES;
				GCC_WARN_64_TO_32_BIT_CONVERSION = YES;
				GCC_WARN_ABOUT_RETURN_TYPE = YES_ERROR;
				GCC_WARN_UNDECLARED_SELECTOR = YES;
				GCC_WARN_UNINITIALIZED_AUTOS = YES_AGGRESSIVE;
				GCC_WARN_UNUSED_FUNCTION = YES;
				GCC_WARN_UNUSED_VARIABLE = YES;
				IPHONEOS_DEPLOYMENT_TARGET = 17.2;
				LOCALIZATION_PREFERS_STRING_CATALOGS = YES;
				MTL_ENABLE_DEBUG_INFO = NO;
				MTL_FAST_MATH = YES;
				SDKROOT = iphoneos;
				SWIFT_COMPILATION_MODE = wholemodule;
				VALIDATE_PRODUCT = YES;
			};
			name = Release;
		};
		6CDE184E2B81384C007D8076 /* Debug */ = {
			isa = XCBuildConfiguration;
			buildSettings = {
				ASSETCATALOG_COMPILER_APPICON_NAME = AppIcon;
				ASSETCATALOG_COMPILER_GLOBAL_ACCENT_COLOR_NAME = AccentColor;
				CODE_SIGN_STYLE = Automatic;
				CURRENT_PROJECT_VERSION = 1;
				DEVELOPMENT_ASSET_PATHS = "\"PureandSoftWaterIpad/Preview Content\"";
				DEVELOPMENT_TEAM = TR2LP4XM57;
				ENABLE_PREVIEWS = YES;
				GENERATE_INFOPLIST_FILE = YES;
				INFOPLIST_KEY_UIApplicationSceneManifest_Generation = YES;
				INFOPLIST_KEY_UIApplicationSupportsIndirectInputEvents = YES;
				INFOPLIST_KEY_UILaunchScreen_Generation = YES;
				INFOPLIST_KEY_UISupportedInterfaceOrientations_iPad = "UIInterfaceOrientationPortrait UIInterfaceOrientationPortraitUpsideDown UIInterfaceOrientationLandscapeLeft UIInterfaceOrientationLandscapeRight";
				INFOPLIST_KEY_UISupportedInterfaceOrientations_iPhone = "UIInterfaceOrientationPortrait UIInterfaceOrientationLandscapeLeft UIInterfaceOrientationLandscapeRight";
				LD_RUNPATH_SEARCH_PATHS = (
					"$(inherited)",
					"@executable_path/Frameworks",
				);
				MARKETING_VERSION = 1.0;
				PRODUCT_BUNDLE_IDENTIFIER = tom.dolson.PureandSoftWaterIpad;
				PRODUCT_NAME = "$(TARGET_NAME)";
				SWIFT_EMIT_LOC_STRINGS = YES;
				SWIFT_VERSION = 5.0;
				TARGETED_DEVICE_FAMILY = "1,2";
			};
			name = Debug;
		};
		6CDE184F2B81384C007D8076 /* Release */ = {
			isa = XCBuildConfiguration;
			buildSettings = {
				ASSETCATALOG_COMPILER_APPICON_NAME = AppIcon;
				ASSETCATALOG_COMPILER_GLOBAL_ACCENT_COLOR_NAME = AccentColor;
				CODE_SIGN_STYLE = Automatic;
				CURRENT_PROJECT_VERSION = 1;
				DEVELOPMENT_ASSET_PATHS = "\"PureandSoftWaterIpad/Preview Content\"";
				DEVELOPMENT_TEAM = TR2LP4XM57;
				ENABLE_PREVIEWS = YES;
				GENERATE_INFOPLIST_FILE = YES;
				INFOPLIST_KEY_UIApplicationSceneManifest_Generation = YES;
				INFOPLIST_KEY_UIApplicationSupportsIndirectInputEvents = YES;
				INFOPLIST_KEY_UILaunchScreen_Generation = YES;
				INFOPLIST_KEY_UISupportedInterfaceOrientations_iPad = "UIInterfaceOrientationPortrait UIInterfaceOrientationPortraitUpsideDown UIInterfaceOrientationLandscapeLeft UIInterfaceOrientationLandscapeRight";
				INFOPLIST_KEY_UISupportedInterfaceOrientations_iPhone = "UIInterfaceOrientationPortrait UIInterfaceOrientationLandscapeLeft UIInterfaceOrientationLandscapeRight";
				LD_RUNPATH_SEARCH_PATHS = (
					"$(inherited)",
					"@executable_path/Frameworks",
				);
				MARKETING_VERSION = 1.0;
				PRODUCT_BUNDLE_IDENTIFIER = tom.dolson.PureandSoftWaterIpad;
				PRODUCT_NAME = "$(TARGET_NAME)";
				SWIFT_EMIT_LOC_STRINGS = YES;
				SWIFT_VERSION = 5.0;
				TARGETED_DEVICE_FAMILY = "1,2";
			};
			name = Release;
		};
		6CDE18512B81384C007D8076 /* Debug */ = {
			isa = XCBuildConfiguration;
			buildSettings = {
				ALWAYS_EMBED_SWIFT_STANDARD_LIBRARIES = YES;
				BUNDLE_LOADER = "$(TEST_HOST)";
				CODE_SIGN_STYLE = Automatic;
				CURRENT_PROJECT_VERSION = 1;
				DEVELOPMENT_TEAM = TR2LP4XM57;
				GENERATE_INFOPLIST_FILE = YES;
				IPHONEOS_DEPLOYMENT_TARGET = 17.2;
				MARKETING_VERSION = 1.0;
				PRODUCT_BUNDLE_IDENTIFIER = tom.dolson.PureandSoftWaterIpadTests;
				PRODUCT_NAME = "$(TARGET_NAME)";
				SWIFT_EMIT_LOC_STRINGS = NO;
				SWIFT_VERSION = 5.0;
				TARGETED_DEVICE_FAMILY = "1,2";
				TEST_HOST = "$(BUILT_PRODUCTS_DIR)/PureandSoftWaterIpad.app/$(BUNDLE_EXECUTABLE_FOLDER_PATH)/PureandSoftWaterIpad";
			};
			name = Debug;
		};
		6CDE18522B81384C007D8076 /* Release */ = {
			isa = XCBuildConfiguration;
			buildSettings = {
				ALWAYS_EMBED_SWIFT_STANDARD_LIBRARIES = YES;
				BUNDLE_LOADER = "$(TEST_HOST)";
				CODE_SIGN_STYLE = Automatic;
				CURRENT_PROJECT_VERSION = 1;
				DEVELOPMENT_TEAM = TR2LP4XM57;
				GENERATE_INFOPLIST_FILE = YES;
				IPHONEOS_DEPLOYMENT_TARGET = 17.2;
				MARKETING_VERSION = 1.0;
				PRODUCT_BUNDLE_IDENTIFIER = tom.dolson.PureandSoftWaterIpadTests;
				PRODUCT_NAME = "$(TARGET_NAME)";
				SWIFT_EMIT_LOC_STRINGS = NO;
				SWIFT_VERSION = 5.0;
				TARGETED_DEVICE_FAMILY = "1,2";
				TEST_HOST = "$(BUILT_PRODUCTS_DIR)/PureandSoftWaterIpad.app/$(BUNDLE_EXECUTABLE_FOLDER_PATH)/PureandSoftWaterIpad";
			};
			name = Release;
		};
		6CDE18542B81384C007D8076 /* Debug */ = {
			isa = XCBuildConfiguration;
			buildSettings = {
				ALWAYS_EMBED_SWIFT_STANDARD_LIBRARIES = YES;
				CODE_SIGN_STYLE = Automatic;
				CURRENT_PROJECT_VERSION = 1;
				DEVELOPMENT_TEAM = TR2LP4XM57;
				GENERATE_INFOPLIST_FILE = YES;
				MARKETING_VERSION = 1.0;
				PRODUCT_BUNDLE_IDENTIFIER = tom.dolson.PureandSoftWaterIpadUITests;
				PRODUCT_NAME = "$(TARGET_NAME)";
				SWIFT_EMIT_LOC_STRINGS = NO;
				SWIFT_VERSION = 5.0;
				TARGETED_DEVICE_FAMILY = "1,2";
				TEST_TARGET_NAME = PureandSoftWaterIpad;
			};
			name = Debug;
		};
		6CDE18552B81384C007D8076 /* Release */ = {
			isa = XCBuildConfiguration;
			buildSettings = {
				ALWAYS_EMBED_SWIFT_STANDARD_LIBRARIES = YES;
				CODE_SIGN_STYLE = Automatic;
				CURRENT_PROJECT_VERSION = 1;
				DEVELOPMENT_TEAM = TR2LP4XM57;
				GENERATE_INFOPLIST_FILE = YES;
				MARKETING_VERSION = 1.0;
				PRODUCT_BUNDLE_IDENTIFIER = tom.dolson.PureandSoftWaterIpadUITests;
				PRODUCT_NAME = "$(TARGET_NAME)";
				SWIFT_EMIT_LOC_STRINGS = NO;
				SWIFT_VERSION = 5.0;
				TARGETED_DEVICE_FAMILY = "1,2";
				TEST_TARGET_NAME = PureandSoftWaterIpad;
			};
			name = Release;
		};
/* End XCBuildConfiguration section */

/* Begin XCConfigurationList section */
		6CDE18242B81384A007D8076 /* Build configuration list for PBXProject "PureandSoftWaterIpad" */ = {
			isa = XCConfigurationList;
			buildConfigurations = (
				6CDE184B2B81384C007D8076 /* Debug */,
				6CDE184C2B81384C007D8076 /* Release */,
			);
			defaultConfigurationIsVisible = 0;
			defaultConfigurationName = Release;
		};
		6CDE184D2B81384C007D8076 /* Build configuration list for PBXNativeTarget "PureandSoftWaterIpad" */ = {
			isa = XCConfigurationList;
			buildConfigurations = (
				6CDE184E2B81384C007D8076 /* Debug */,
				6CDE184F2B81384C007D8076 /* Release */,
			);
			defaultConfigurationIsVisible = 0;
			defaultConfigurationName = Release;
		};
		6CDE18502B81384C007D8076 /* Build configuration list for PBXNativeTarget "PureandSoftWaterIpadTests" */ = {
			isa = XCConfigurationList;
			buildConfigurations = (
				6CDE18512B81384C007D8076 /* Debug */,
				6CDE18522B81384C007D8076 /* Release */,
			);
			defaultConfigurationIsVisible = 0;
			defaultConfigurationName = Release;
		};
		6CDE18532B81384C007D8076 /* Build configuration list for PBXNativeTarget "PureandSoftWaterIpadUITests" */ = {
			isa = XCConfigurationList;
			buildConfigurations = (
				6CDE18542B81384C007D8076 /* Debug */,
				6CDE18552B81384C007D8076 /* Release */,
			);
			defaultConfigurationIsVisible = 0;
			defaultConfigurationName = Release;
		};
/* End XCConfigurationList section */
	};
	rootObject = 6CDE18212B81384A007D8076 /* Project object */;
}
